
Microsoft Visual Studio Solution File, Format Version 12.00
# Visual Studio Version 17
VisualStudioVersion = 17.9.34714.143
MinimumVisualStudioVersion = 10.0.40219.1
Project("{FAE04EC0-301F-11D3-BF4B-00C04F79EFBC}") = "ConsoleApp6", "ConsoleApp6\ConsoleApp6.csproj", "{BA7E0FCC-FF00-42F4-B7B1-9A3FBAB8E9C4}"
EndProject
Global
	GlobalSection(SolutionConfigurationPlatforms) = preSolution
		Debug|Any CPU = Debug|Any CPU
		Release|Any CPU = Release|Any CPU
	EndGlobalSection
	GlobalSection(ProjectConfigurationPlatforms) = postSolution
		{BA7E0FCC-FF00-42F4-B7B1-9A3FBAB8E9C4}.Debug|Any CPU.ActiveCfg = Debug|Any CPU
		{BA7E0FCC-FF00-42F4-B7B1-9A3FBAB8E9C4}.Debug|Any CPU.Build.0 = Debug|Any CPU
		{BA7E0FCC-FF00-42F4-B7B1-9A3FBAB8E9C4}.Release|Any CPU.ActiveCfg = Release|Any CPU
		{BA7E0FCC-FF00-42F4-B7B1-9A3FBAB8E9C4}.Release|Any CPU.Build.0 = Release|Any CPU
	EndGlobalSection
	GlobalSection(SolutionProperties) = preSolution
		HideSolutionNode = FALSE
	EndGlobalSection
	GlobalSection(ExtensibilityGlobals) = postSolution
		SolutionGuid = {F293C67F-B9FC-45EB-93AC-09C9B06B5768}
	EndGlobalSection
EndGlobal
